---
releases:
- name: bpm
  version: 1.1.21
  sha1: e8abe19ec186962828de843f8f281cddb6141904
  remote_source: bosh.io
  remote_path: https://bosh.io/d/github.com/cloudfoundry/bpm-release?v=1.1.21
- name: concourse
  version: 7.9.0
  sha1: 0920d2a3c13a81f50529ae72118a9d83bece7e65
  remote_source: bosh.io
  remote_path: https://bosh.io/d/github.com/concourse/concourse-bosh-release?v=7.9.0
- name: postgres
  version: "44"
  sha1: 582b1de9522077102dfa44ff7164cd8f499dbfc8
  remote_source: bosh.io
  remote_path: https://bosh.io/d/github.com/cloudfoundry/postgres-release?v=44
- name: uaa
  version: 76.4.0
  sha1: a26a5c8facae167e98a12c94f14f6885e926d424
  remote_source: bosh.io
  remote_path: https://bosh.io/d/github.com/cloudfoundry/uaa-release?v=76.4.0
- name: credhub
  version: 2.12.16
  sha1: 217f453379557cb6a2e60d3edb5deb56be8d572c
  remote_source: bosh.io
  remote_path: https://bosh.io/d/github.com/pivotal-cf/credhub-release?v=2.12.16
stemcell_criteria:
  os: ubuntu-jammy
  version: "1"
